
Microsoft Visual Studio Solution File, Format Version 12.00
# Visual Studio Version 17
VisualStudioVersion = 17.11.35327.3
MinimumVisualStudioVersion = 10.0.40219.1
Project("{FAE04EC0-301F-11D3-BF4B-00C04F79EFBC}") = "Dice Game", "Dice Game.csproj", "{3AAE0EB7-FE43-405B-9BAA-5FE877A5BF28}"
EndProject
Global
	GlobalSection(SolutionConfigurationPlatforms) = preSolution
		Debug|Any CPU = Debug|Any CPU
		Release|Any CPU = Release|Any CPU
	EndGlobalSection
	GlobalSection(ProjectConfigurationPlatforms) = postSolution
		{3AAE0EB7-FE43-405B-9BAA-5FE877A5BF28}.Debug|Any CPU.ActiveCfg = Debug|Any CPU
		{3AAE0EB7-FE43-405B-9BAA-5FE877A5BF28}.Debug|Any CPU.Build.0 = Debug|Any CPU
		{3AAE0EB7-FE43-405B-9BAA-5FE877A5BF28}.Release|Any CPU.ActiveCfg = Release|Any CPU
		{3AAE0EB7-FE43-405B-9BAA-5FE877A5BF28}.Release|Any CPU.Build.0 = Release|Any CPU
	EndGlobalSection
	GlobalSection(SolutionProperties) = preSolution
		HideSolutionNode = FALSE
	EndGlobalSection
	GlobalSection(ExtensibilityGlobals) = postSolution
		SolutionGuid = {34B20986-5270-4E33-A55E-C1818682F6FF}
	EndGlobalSection
EndGlobal
